
Microsoft Visual Studio Solution File, Format Version 12.00
# Visual Studio Version 17
VisualStudioVersion = 17.9.34723.18
MinimumVisualStudioVersion = 10.0.40219.1
Project("{FAE04EC0-301F-11D3-BF4B-00C04F79EFBC}") = "DepartmentLoadApp", "DepartmentLoadApp.csproj", "{00BD432B-0490-48FA-9A4F-59BB7D0A254D}"
EndProject
Global
	GlobalSection(SolutionConfigurationPlatforms) = preSolution
		Debug|Any CPU = Debug|Any CPU
		Release|Any CPU = Release|Any CPU
	EndGlobalSection
	GlobalSection(ProjectConfigurationPlatforms) = postSolution
		{00BD432B-0490-48FA-9A4F-59BB7D0A254D}.Debug|Any CPU.ActiveCfg = Debug|Any CPU
		{00BD432B-0490-48FA-9A4F-59BB7D0A254D}.Debug|Any CPU.Build.0 = Debug|Any CPU
		{00BD432B-0490-48FA-9A4F-59BB7D0A254D}.Release|Any CPU.ActiveCfg = Release|Any CPU
		{00BD432B-0490-48FA-9A4F-59BB7D0A254D}.Release|Any CPU.Build.0 = Release|Any CPU
	EndGlobalSection
	GlobalSection(SolutionProperties) = preSolution
		HideSolutionNode = FALSE
	EndGlobalSection
	GlobalSection(ExtensibilityGlobals) = postSolution
		SolutionGuid = {3BEFA882-62C1-4466-8552-542CA1F7CF4E}
	EndGlobalSection
EndGlobal
